
Microsoft Visual Studio Solution File, Format Version 12.00
# Visual Studio Version 17
VisualStudioVersion = 17.13.35806.99 d17.13
MinimumVisualStudioVersion = 10.0.40219.1
Project("{888888A0-9F3D-457C-B088-3A5042F75D52}") = "scripts2", "scripts2\scripts2.pyproj", "{C7D4B67C-BBC6-4924-ABBF-76FB97D8229E}"
EndProject
Global
	GlobalSection(SolutionConfigurationPlatforms) = preSolution
		Debug|Any CPU = Debug|Any CPU
		Release|Any CPU = Release|Any CPU
	EndGlobalSection
	GlobalSection(ProjectConfigurationPlatforms) = postSolution
		{C7D4B67C-BBC6-4924-ABBF-76FB97D8229E}.Debug|Any CPU.ActiveCfg = Debug|Any CPU
		{C7D4B67C-BBC6-4924-ABBF-76FB97D8229E}.Release|Any CPU.ActiveCfg = Release|Any CPU
	EndGlobalSection
	GlobalSection(SolutionProperties) = preSolution
		HideSolutionNode = FALSE
	EndGlobalSection
	GlobalSection(ExtensibilityGlobals) = postSolution
		SolutionGuid = {9C8970B4-71CE-4991-ABD4-F76BF502F193}
	EndGlobalSection
EndGlobal
